
Microsoft Visual Studio Solution File, Format Version 12.00
# Visual Studio Version 16
VisualStudioVersion = 16.0.32228.343
MinimumVisualStudioVersion = 10.0.40219.1
Project("{9A19103F-16F7-4668-BE54-9A1E7A4F7556}") = "WebApplication11", "WebApplication11\WebApplication11.csproj", "{CA75E29E-BC09-4303-A350-9B94CD49BE82}"
EndProject
Project("{FAE04EC0-301F-11D3-BF4B-00C04F79EFBC}") = "Lib.Core", "Lib.Core\Lib.Core.csproj", "{FFFC7B8E-C234-4B8B-9B65-32D136FA76EC}"
EndProject
Project("{FAE04EC0-301F-11D3-BF4B-00C04F79EFBC}") = "Lib.Service", "Lib.Service\Lib.Service.csproj", "{CD3ACFD9-A14E-423A-A038-4C6EDE8DB335}"
EndProject
Global
	GlobalSection(SolutionConfigurationPlatforms) = preSolution
		Debug|Any CPU = Debug|Any CPU
		Release|Any CPU = Release|Any CPU
	EndGlobalSection
	GlobalSection(ProjectConfigurationPlatforms) = postSolution
		{CA75E29E-BC09-4303-A350-9B94CD49BE82}.Debug|Any CPU.ActiveCfg = Debug|Any CPU
		{CA75E29E-BC09-4303-A350-9B94CD49BE82}.Debug|Any CPU.Build.0 = Debug|Any CPU
		{CA75E29E-BC09-4303-A350-9B94CD49BE82}.Release|Any CPU.ActiveCfg = Release|Any CPU
		{CA75E29E-BC09-4303-A350-9B94CD49BE82}.Release|Any CPU.Build.0 = Release|Any CPU
		{FFFC7B8E-C234-4B8B-9B65-32D136FA76EC}.Debug|Any CPU.ActiveCfg = Debug|Any CPU
		{FFFC7B8E-C234-4B8B-9B65-32D136FA76EC}.Debug|Any CPU.Build.0 = Debug|Any CPU
		{FFFC7B8E-C234-4B8B-9B65-32D136FA76EC}.Release|Any CPU.ActiveCfg = Release|Any CPU
		{FFFC7B8E-C234-4B8B-9B65-32D136FA76EC}.Release|Any CPU.Build.0 = Release|Any CPU
		{CD3ACFD9-A14E-423A-A038-4C6EDE8DB335}.Debug|Any CPU.ActiveCfg = Debug|Any CPU
		{CD3ACFD9-A14E-423A-A038-4C6EDE8DB335}.Debug|Any CPU.Build.0 = Debug|Any CPU
		{CD3ACFD9-A14E-423A-A038-4C6EDE8DB335}.Release|Any CPU.ActiveCfg = Release|Any CPU
		{CD3ACFD9-A14E-423A-A038-4C6EDE8DB335}.Release|Any CPU.Build.0 = Release|Any CPU
	EndGlobalSection
	GlobalSection(SolutionProperties) = preSolution
		HideSolutionNode = FALSE
	EndGlobalSection
	GlobalSection(ExtensibilityGlobals) = postSolution
		SolutionGuid = {9C3AC959-FE67-4760-A703-8CC59EF47D82}
	EndGlobalSection
EndGlobal
